Microsoft Visual Studio Solution File, Format Version 11.00
# Visual Studio 2008

Project("{8933F682-75F4-48F8-7F82-B882495E3077}") = "HoverSkrrrt", "Assembly-CSharp-firstpass.csproj", "{E5A7452D-B22E-BDCC-B3A6-BB6F48CDA67F}"
EndProject
Project("{8933F682-75F4-48F8-7F82-B882495E3077}") = "HoverSkrrrt", "Assembly-CSharp.csproj", "{DDA27B5D-8D77-C718-E14D-F779CDE8474D}"
EndProject
Project("{8933F682-75F4-48F8-7F82-B882495E3077}") = "HoverSkrrrt", "Assembly-CSharp-Editor.csproj", "{7452EC26-6707-86D6-3E7B-0A6AF0D02BF1}"
EndProject
Global
	GlobalSection(SolutionConfigurationPlatforms) = preSolution
		Debug|Any CPU = Debug|Any CPU
		Release|Any CPU = Release|Any CPU
	EndGlobalSection
	GlobalSection(ProjectConfigurationPlatforms) = postSolution
		{E5A7452D-B22E-BDCC-B3A6-BB6F48CDA67F}.Debug|Any CPU.ActiveCfg = Debug|Any CPU
		{E5A7452D-B22E-BDCC-B3A6-BB6F48CDA67F}.Debug|Any CPU.Build.0 = Debug|Any CPU
		{E5A7452D-B22E-BDCC-B3A6-BB6F48CDA67F}.Release|Any CPU.ActiveCfg = Release|Any CPU
		{E5A7452D-B22E-BDCC-B3A6-BB6F48CDA67F}.Release|Any CPU.Build.0 = Release|Any CPU
		{DDA27B5D-8D77-C718-E14D-F779CDE8474D}.Debug|Any CPU.ActiveCfg = Debug|Any CPU
		{DDA27B5D-8D77-C718-E14D-F779CDE8474D}.Debug|Any CPU.Build.0 = Debug|Any CPU
		{DDA27B5D-8D77-C718-E14D-F779CDE8474D}.Release|Any CPU.ActiveCfg = Release|Any CPU
		{DDA27B5D-8D77-C718-E14D-F779CDE8474D}.Release|Any CPU.Build.0 = Release|Any CPU
		{7452EC26-6707-86D6-3E7B-0A6AF0D02BF1}.Debug|Any CPU.ActiveCfg = Debug|Any CPU
		{7452EC26-6707-86D6-3E7B-0A6AF0D02BF1}.Debug|Any CPU.Build.0 = Debug|Any CPU
		{7452EC26-6707-86D6-3E7B-0A6AF0D02BF1}.Release|Any CPU.ActiveCfg = Release|Any CPU
		{7452EC26-6707-86D6-3E7B-0A6AF0D02BF1}.Release|Any CPU.Build.0 = Release|Any CPU
	EndGlobalSection
	GlobalSection(SolutionProperties) = preSolution
		HideSolutionNode = FALSE
	EndGlobalSection
			GlobalSection(MonoDevelopProperties) = preSolution
		StartupItem = Assembly-CSharp.csproj
		Policies = $0
		$0.TextStylePolicy = $1
		$1.inheritsSet = null
		$1.scope = text/x-csharp
		$0.CSharpFormattingPolicy = $2
		$2.inheritsSet = Mono
		$2.inheritsScope = text/x-csharp
		$2.scope = text/x-csharp
		$0.TextStylePolicy = $3
		$3.FileWidth = 120
		$3.TabWidth = 4
		$3.IndentWidth = 4
		$3.EolMarker = Unix
		$3.inheritsSet = Mono
		$3.inheritsScope = text/plain
		$3.scope = text/plain
	EndGlobalSection

EndGlobal
